
Microsoft Visual Studio Solution File, Format Version 12.00
# Visual Studio Version 17
VisualStudioVersion = 17.9.34723.18
MinimumVisualStudioVersion = 10.0.40219.1
Project("{2150E333-8FDC-42A3-9474-1A3956D46DE8}") = "Src", "Src", "{4D81D40E-65B6-4783-96AD-838F680D7542}"
EndProject
Project("{2150E333-8FDC-42A3-9474-1A3956D46DE8}") = "Domain", "Domain", "{E2173207-E3D4-4BFE-8C3A-72401BEB6A45}"
EndProject
Project("{2150E333-8FDC-42A3-9474-1A3956D46DE8}") = "Presentation", "Presentation", "{B54A6E48-FBBA-409B-99F5-479821065DD5}"
EndProject
Project("{2150E333-8FDC-42A3-9474-1A3956D46DE8}") = "Infrstructure", "Infrstructure", "{FB96AAAF-C4A1-4078-B2C2-239563A6D360}"
EndProject
Project("{2150E333-8FDC-42A3-9474-1A3956D46DE8}") = "Application", "Application", "{00CEF4F8-403D-45A5-AFE4-5D364D0926D0}"
EndProject
Project("{FAE04EC0-301F-11D3-BF4B-00C04F79EFBC}") = "Application", "Application\Application.csproj", "{3B0AE68C-A294-4A66-808E-D9E0311A2956}"
EndProject
Project("{FAE04EC0-301F-11D3-BF4B-00C04F79EFBC}") = "Domain", "Domain\Domain.csproj", "{9F7AC345-F087-438F-A485-E6739D0C1F88}"
EndProject
Project("{FAE04EC0-301F-11D3-BF4B-00C04F79EFBC}") = "Infrastructure", "Infrastructure\Infrastructure.csproj", "{B729DE4F-D7FE-47BB-94A4-D0378A3DE900}"
EndProject
Project("{FAE04EC0-301F-11D3-BF4B-00C04F79EFBC}") = "Presentation", "Presentation\Presentation.csproj", "{5DE8F6D7-935A-4D42-B923-7DC1C2CE9959}"
EndProject
Project("{2150E333-8FDC-42A3-9474-1A3956D46DE8}") = "Tests", "Tests", "{A5A0D82A-837E-4F27-AEED-102347A1B517}"
EndProject
Project("{FAE04EC0-301F-11D3-BF4B-00C04F79EFBC}") = "Infrastructure.UnitTest", "Infrastructure.UnitTest\Infrastructure.UnitTest.csproj", "{9F1EB455-3D2B-4124-93AB-D2E72D09E371}"
EndProject
Global
	GlobalSection(SolutionConfigurationPlatforms) = preSolution
		Debug|Any CPU = Debug|Any CPU
		Release|Any CPU = Release|Any CPU
	EndGlobalSection
	GlobalSection(ProjectConfigurationPlatforms) = postSolution
		{3B0AE68C-A294-4A66-808E-D9E0311A2956}.Debug|Any CPU.ActiveCfg = Debug|Any CPU
		{3B0AE68C-A294-4A66-808E-D9E0311A2956}.Debug|Any CPU.Build.0 = Debug|Any CPU
		{3B0AE68C-A294-4A66-808E-D9E0311A2956}.Release|Any CPU.ActiveCfg = Release|Any CPU
		{3B0AE68C-A294-4A66-808E-D9E0311A2956}.Release|Any CPU.Build.0 = Release|Any CPU
		{9F7AC345-F087-438F-A485-E6739D0C1F88}.Debug|Any CPU.ActiveCfg = Debug|Any CPU
		{9F7AC345-F087-438F-A485-E6739D0C1F88}.Debug|Any CPU.Build.0 = Debug|Any CPU
		{9F7AC345-F087-438F-A485-E6739D0C1F88}.Release|Any CPU.ActiveCfg = Release|Any CPU
		{9F7AC345-F087-438F-A485-E6739D0C1F88}.Release|Any CPU.Build.0 = Release|Any CPU
		{B729DE4F-D7FE-47BB-94A4-D0378A3DE900}.Debug|Any CPU.ActiveCfg = Debug|Any CPU
		{B729DE4F-D7FE-47BB-94A4-D0378A3DE900}.Debug|Any CPU.Build.0 = Debug|Any CPU
		{B729DE4F-D7FE-47BB-94A4-D0378A3DE900}.Release|Any CPU.ActiveCfg = Release|Any CPU
		{B729DE4F-D7FE-47BB-94A4-D0378A3DE900}.Release|Any CPU.Build.0 = Release|Any CPU
		{5DE8F6D7-935A-4D42-B923-7DC1C2CE9959}.Debug|Any CPU.ActiveCfg = Debug|Any CPU
		{5DE8F6D7-935A-4D42-B923-7DC1C2CE9959}.Debug|Any CPU.Build.0 = Debug|Any CPU
		{5DE8F6D7-935A-4D42-B923-7DC1C2CE9959}.Release|Any CPU.ActiveCfg = Release|Any CPU
		{5DE8F6D7-935A-4D42-B923-7DC1C2CE9959}.Release|Any CPU.Build.0 = Release|Any CPU
		{9F1EB455-3D2B-4124-93AB-D2E72D09E371}.Debug|Any CPU.ActiveCfg = Debug|Any CPU
		{9F1EB455-3D2B-4124-93AB-D2E72D09E371}.Debug|Any CPU.Build.0 = Debug|Any CPU
		{9F1EB455-3D2B-4124-93AB-D2E72D09E371}.Release|Any CPU.ActiveCfg = Release|Any CPU
		{9F1EB455-3D2B-4124-93AB-D2E72D09E371}.Release|Any CPU.Build.0 = Release|Any CPU
	EndGlobalSection
	GlobalSection(SolutionProperties) = preSolution
		HideSolutionNode = FALSE
	EndGlobalSection
	GlobalSection(NestedProjects) = preSolution
		{E2173207-E3D4-4BFE-8C3A-72401BEB6A45} = {4D81D40E-65B6-4783-96AD-838F680D7542}
		{B54A6E48-FBBA-409B-99F5-479821065DD5} = {4D81D40E-65B6-4783-96AD-838F680D7542}
		{FB96AAAF-C4A1-4078-B2C2-239563A6D360} = {4D81D40E-65B6-4783-96AD-838F680D7542}
		{00CEF4F8-403D-45A5-AFE4-5D364D0926D0} = {4D81D40E-65B6-4783-96AD-838F680D7542}
		{3B0AE68C-A294-4A66-808E-D9E0311A2956} = {00CEF4F8-403D-45A5-AFE4-5D364D0926D0}
		{9F7AC345-F087-438F-A485-E6739D0C1F88} = {E2173207-E3D4-4BFE-8C3A-72401BEB6A45}
		{B729DE4F-D7FE-47BB-94A4-D0378A3DE900} = {FB96AAAF-C4A1-4078-B2C2-239563A6D360}
		{5DE8F6D7-935A-4D42-B923-7DC1C2CE9959} = {B54A6E48-FBBA-409B-99F5-479821065DD5}
		{9F1EB455-3D2B-4124-93AB-D2E72D09E371} = {A5A0D82A-837E-4F27-AEED-102347A1B517}
	EndGlobalSection
	GlobalSection(ExtensibilityGlobals) = postSolution
		SolutionGuid = {3CC0AB4F-F95B-47EA-86EA-9B1458E4C44C}
	EndGlobalSection
EndGlobal
